
Microsoft Visual Studio Solution File, Format Version 12.00
# Visual Studio Version 17
VisualStudioVersion = 17.13.35828.75 d17.13
MinimumVisualStudioVersion = 10.0.40219.1
Project("{FAE04EC0-301F-11D3-BF4B-00C04F79EFBC}") = "ICE3", "ICE3\ICE3.csproj", "{F87BE65C-F2AE-4FDC-B66F-CBDCA8504DB5}"
EndProject
Global
	GlobalSection(SolutionConfigurationPlatforms) = preSolution
		Debug|Any CPU = Debug|Any CPU
		Release|Any CPU = Release|Any CPU
	EndGlobalSection
	GlobalSection(ProjectConfigurationPlatforms) = postSolution
		{F87BE65C-F2AE-4FDC-B66F-CBDCA8504DB5}.Debug|Any CPU.ActiveCfg = Debug|Any CPU
		{F87BE65C-F2AE-4FDC-B66F-CBDCA8504DB5}.Debug|Any CPU.Build.0 = Debug|Any CPU
		{F87BE65C-F2AE-4FDC-B66F-CBDCA8504DB5}.Release|Any CPU.ActiveCfg = Release|Any CPU
		{F87BE65C-F2AE-4FDC-B66F-CBDCA8504DB5}.Release|Any CPU.Build.0 = Release|Any CPU
	EndGlobalSection
	GlobalSection(SolutionProperties) = preSolution
		HideSolutionNode = FALSE
	EndGlobalSection
	GlobalSection(ExtensibilityGlobals) = postSolution
		SolutionGuid = {5616E6B5-A72B-4F10-A2EE-08723E21CB43}
	EndGlobalSection
EndGlobal
